
Microsoft Visual Studio Solution File, Format Version 12.00
# Visual Studio Version 17
VisualStudioVersion = 17.6.33417.168
MinimumVisualStudioVersion = 10.0.40219.1
Project("{9A19103F-16F7-4668-BE54-9A1E7A4F7556}") = "EnchCoreApi.TrProtocol.SerializeCodeGenerator", "EnchCoreApi.TrProtocol.SerializeCodeGenerator\EnchCoreApi.TrProtocol.SerializeCodeGenerator.csproj", "{336C3622-9900-418E-B4E3-7319D504A64D}"
EndProject
Project("{D954291E-2A0B-460D-934E-DC6B0785DB48}") = "EnchCoreApi.TrProtocol.Shared", "EnchCoreApi.TrProtocol.Shared\EnchCoreApi.TrProtocol.Shared.shproj", "{961C907F-8A3F-4A7A-8974-47D5177CBBBD}"
EndProject
Project("{9A19103F-16F7-4668-BE54-9A1E7A4F7556}") = "EnchCoreApi.TrProtocol", "EnchCoreApi.TrProtocol\EnchCoreApi.TrProtocol.csproj", "{77DE9350-9D6B-423F-B0D0-1242AD44828C}"
EndProject
Project("{9A19103F-16F7-4668-BE54-9A1E7A4F7556}") = "EnchCoreApi.TrProtocol.Convertion", "EnchCoreApi.TrProtocol.Convertion\EnchCoreApi.TrProtocol.Convertion.csproj", "{A5C82068-CAC3-4AD0-91AF-39A06031981D}"
EndProject
Project("{9A19103F-16F7-4668-BE54-9A1E7A4F7556}") = "TrClient", "TrClient\TrClient.csproj", "{FE1818B0-E450-4E67-B057-31D9FB88544C}"
EndProject
Project("{9A19103F-16F7-4668-BE54-9A1E7A4F7556}") = "EnchCoreApi.TrProtocol.NugetBuilder", "EnchCoreApi.TrProtocol.NugetBuilder\EnchCoreApi.TrProtocol.NugetBuilder.csproj", "{BFAA1648-3AB8-4DB6-80D6-7BEE7E8C6863}"
EndProject
Project("{9A19103F-16F7-4668-BE54-9A1E7A4F7556}") = "EnchCoreApi.TrProtocol.Test.Performance", "EnchCoreApi.TrProtocol.Test.Performance\EnchCoreApi.TrProtocol.Test.Performance.csproj", "{6412E684-41F7-4F1C-BAF5-9FB83BFF2B10}"
EndProject
Project("{9A19103F-16F7-4668-BE54-9A1E7A4F7556}") = "EnchCoreApi.TrProtocol.Test.Correctness", "EnchCoreApi.TrProtocol.Test.Correctness\EnchCoreApi.TrProtocol.Test.Correctness.csproj", "{95E8C00E-23C0-470F-8E8F-7A305AEF1779}"
EndProject
Project("{9A19103F-16F7-4668-BE54-9A1E7A4F7556}") = "TrRouter", "TrRouter\TrRouter.csproj", "{B3522745-23D5-4D33-B728-4632E977A081}"
EndProject
Global
	GlobalSection(SolutionConfigurationPlatforms) = preSolution
		Debug|Any CPU = Debug|Any CPU
		Release|Any CPU = Release|Any CPU
	EndGlobalSection
	GlobalSection(ProjectConfigurationPlatforms) = postSolution
		{336C3622-9900-418E-B4E3-7319D504A64D}.Debug|Any CPU.ActiveCfg = Debug|Any CPU
		{336C3622-9900-418E-B4E3-7319D504A64D}.Debug|Any CPU.Build.0 = Debug|Any CPU
		{336C3622-9900-418E-B4E3-7319D504A64D}.Release|Any CPU.ActiveCfg = Release|Any CPU
		{336C3622-9900-418E-B4E3-7319D504A64D}.Release|Any CPU.Build.0 = Release|Any CPU
		{77DE9350-9D6B-423F-B0D0-1242AD44828C}.Debug|Any CPU.ActiveCfg = Debug|Any CPU
		{77DE9350-9D6B-423F-B0D0-1242AD44828C}.Debug|Any CPU.Build.0 = Debug|Any CPU
		{77DE9350-9D6B-423F-B0D0-1242AD44828C}.Release|Any CPU.ActiveCfg = Release|Any CPU
		{77DE9350-9D6B-423F-B0D0-1242AD44828C}.Release|Any CPU.Build.0 = Release|Any CPU
		{A5C82068-CAC3-4AD0-91AF-39A06031981D}.Debug|Any CPU.ActiveCfg = Debug|Any CPU
		{A5C82068-CAC3-4AD0-91AF-39A06031981D}.Debug|Any CPU.Build.0 = Debug|Any CPU
		{A5C82068-CAC3-4AD0-91AF-39A06031981D}.Release|Any CPU.ActiveCfg = Release|Any CPU
		{A5C82068-CAC3-4AD0-91AF-39A06031981D}.Release|Any CPU.Build.0 = Release|Any CPU
		{FE1818B0-E450-4E67-B057-31D9FB88544C}.Debug|Any CPU.ActiveCfg = Debug|Any CPU
		{FE1818B0-E450-4E67-B057-31D9FB88544C}.Debug|Any CPU.Build.0 = Debug|Any CPU
		{FE1818B0-E450-4E67-B057-31D9FB88544C}.Release|Any CPU.ActiveCfg = Release|Any CPU
		{FE1818B0-E450-4E67-B057-31D9FB88544C}.Release|Any CPU.Build.0 = Release|Any CPU
		{BFAA1648-3AB8-4DB6-80D6-7BEE7E8C6863}.Debug|Any CPU.ActiveCfg = Debug|Any CPU
		{BFAA1648-3AB8-4DB6-80D6-7BEE7E8C6863}.Debug|Any CPU.Build.0 = Debug|Any CPU
		{BFAA1648-3AB8-4DB6-80D6-7BEE7E8C6863}.Release|Any CPU.ActiveCfg = Release|Any CPU
		{BFAA1648-3AB8-4DB6-80D6-7BEE7E8C6863}.Release|Any CPU.Build.0 = Release|Any CPU
		{6412E684-41F7-4F1C-BAF5-9FB83BFF2B10}.Debug|Any CPU.ActiveCfg = Debug|Any CPU
		{6412E684-41F7-4F1C-BAF5-9FB83BFF2B10}.Debug|Any CPU.Build.0 = Debug|Any CPU
		{6412E684-41F7-4F1C-BAF5-9FB83BFF2B10}.Release|Any CPU.ActiveCfg = Release|Any CPU
		{6412E684-41F7-4F1C-BAF5-9FB83BFF2B10}.Release|Any CPU.Build.0 = Release|Any CPU
		{95E8C00E-23C0-470F-8E8F-7A305AEF1779}.Debug|Any CPU.ActiveCfg = Debug|Any CPU
		{95E8C00E-23C0-470F-8E8F-7A305AEF1779}.Debug|Any CPU.Build.0 = Debug|Any CPU
		{95E8C00E-23C0-470F-8E8F-7A305AEF1779}.Release|Any CPU.ActiveCfg = Release|Any CPU
		{95E8C00E-23C0-470F-8E8F-7A305AEF1779}.Release|Any CPU.Build.0 = Release|Any CPU
		{B3522745-23D5-4D33-B728-4632E977A081}.Debug|Any CPU.ActiveCfg = Debug|Any CPU
		{B3522745-23D5-4D33-B728-4632E977A081}.Debug|Any CPU.Build.0 = Debug|Any CPU
		{B3522745-23D5-4D33-B728-4632E977A081}.Release|Any CPU.ActiveCfg = Release|Any CPU
		{B3522745-23D5-4D33-B728-4632E977A081}.Release|Any CPU.Build.0 = Release|Any CPU
	EndGlobalSection
	GlobalSection(SolutionProperties) = preSolution
		HideSolutionNode = FALSE
	EndGlobalSection
	GlobalSection(ExtensibilityGlobals) = postSolution
		SolutionGuid = {7681860C-D047-4551-81E8-6C1827FC1C06}
	EndGlobalSection
	GlobalSection(SharedMSBuildProjectFiles) = preSolution
		EnchCoreApi.TrProtocol.Shared\EnchCoreApi.TrProtocol.Shared.projitems*{336c3622-9900-418e-b4e3-7319d504a64d}*SharedItemsImports = 5
		EnchCoreApi.TrProtocol.Shared\EnchCoreApi.TrProtocol.Shared.projitems*{77de9350-9d6b-423f-b0d0-1242ad44828c}*SharedItemsImports = 5
		EnchCoreApi.TrProtocol.Shared\EnchCoreApi.TrProtocol.Shared.projitems*{961c907f-8a3f-4a7a-8974-47d5177cbbbd}*SharedItemsImports = 13
	EndGlobalSection
EndGlobal
